{
  "name": "mei",
  "version": "0.0.0",
  "lockfileVersion": 1,
  "requires": true,
  "dependencies": {
    "@cloudflare/workers-types": {
      "version": "3.14.1",
      "resolved": "https://registry.npmjs.org/@cloudflare/workers-types/-/workers-types-3.14.1.tgz",
      "integrity": "sha512-B1/plF62pt+H2IJHvApK8fdOJAVsvojvacuac8x8s+JIyqbropMyqNqHTKLm3YD8ZFLGwYeFTudU+PQ7vGvBdA==",
      "dev": true
    },
    "csstype": {
      "version": "3.1.0",
      "resolved": "https://registry.npmjs.org/csstype/-/csstype-3.1.0.tgz",
      "integrity": "sha512-uX1KG+x9h5hIJsaKR9xHUeUraxf8IODOwq9JLNPq6BwB04a/xgpq3rcx47l5BZu5zBPlgD342tdke3Hom/nJRA=="
    },
    "dom-serializer": {
      "version": "1.4.1",
      "resolved": "https://registry.npmjs.org/dom-serializer/-/dom-serializer-1.4.1.tgz",
      "integrity": "sha512-VHwB3KfrcOOkelEG2ZOfxqLZdfkil8PtJi4P8N2MMXucZq2yLp75ClViUlOVwyoHEDjYU433Aq+5zWP61+RGag==",
      "requires": {
        "domelementtype": "^2.0.1",
        "domhandler": "^4.2.0",
        "entities": "^2.0.0"
      }
    },
    "domelementtype": {
      "version": "2.3.0",
      "resolved": "https://registry.npmjs.org/domelementtype/-/domelementtype-2.3.0.tgz",
      "integrity": "sha512-OLETBj6w0OsagBwdXnPdN0cnMfF9opN69co+7ZrbfPGrdpPVNBUj02spi6B1N7wChLQiPn4CSH/zJvXw56gmHw=="
    },
    "domhandler": {
      "version": "4.3.1",
      "resolved": "https://registry.npmjs.org/domhandler/-/domhandler-4.3.1.tgz",
      "integrity": "sha512-GrwoxYN+uWlzO8uhUXRl0P+kHE4GtVPfYzVLcUxPL7KNdHKj66vvlhiweIHqYYXWlw+T8iLMp42Lm67ghw4WMQ==",
      "requires": {
        "domelementtype": "^2.2.0"
      }
    },
    "domutils": {
      "version": "2.8.0",
      "resolved": "https://registry.npmjs.org/domutils/-/domutils-2.8.0.tgz",
      "integrity": "sha512-w96Cjofp72M5IIhpjgobBimYEfoPjx1Vx0BSX9P30WBdZW2WIKU0T1Bd0kz2eNZ9ikjKgHbEyKx8BB6H1L3h3A==",
      "requires": {
        "dom-serializer": "^1.0.1",
        "domelementtype": "^2.2.0",
        "domhandler": "^4.2.0"
      }
    },
    "entities": {
      "version": "2.2.0",
      "resolved": "https://registry.npmjs.org/entities/-/entities-2.2.0.tgz",
      "integrity": "sha512-p92if5Nz619I0w+akJrLZH0MX0Pb5DX39XOwQTtXSdQQOaYH03S1uIQp4mhOZtAXrxq4ViO67YTiLBo2638o9A=="
    },
    "hono": {
      "version": "2.3.2",
      "resolved": "https://registry.npmjs.org/hono/-/hono-2.3.2.tgz",
      "integrity": "sha512-0OPY9TM6ps02gWWQ9fmBq3+1nX98Zmy8GnEK5S9WZMENK1EV+Ol0jG2mPUHPHevcFvROfUQKzEzrQjMBG3HRPw=="
    },
    "htmlparser2": {
      "version": "6.1.0",
      "resolved": "https://registry.npmjs.org/htmlparser2/-/htmlparser2-6.1.0.tgz",
      "integrity": "sha512-gyyPk6rgonLFEDGoeRgQNaEUvdJ4ktTmmUh/h2t7s+M8oPpIPxgNACWa+6ESR57kXstwqPiCut0V8NRpcwgU7A==",
      "requires": {
        "domelementtype": "^2.0.1",
        "domhandler": "^4.0.0",
        "domutils": "^2.5.2",
        "entities": "^2.0.0"
      }
    },
    "style-vendorizer": {
      "version": "2.2.3",
      "resolved": "https://registry.npmjs.org/style-vendorizer/-/style-vendorizer-2.2.3.tgz",
      "integrity": "sha512-/VDRsWvQAgspVy9eATN3z6itKTuyg+jW1q6UoTCQCFRqPDw8bi3E1hXIKnGw5LvXS2AQPuJ7Af4auTLYeBOLEg=="
    },
    "twind": {
      "version": "0.16.17",
      "resolved": "https://registry.npmjs.org/twind/-/twind-0.16.17.tgz",
      "integrity": "sha512-dBKm8+ncJcIALiqBRLxA/krFEwUSjnzR+N73eKgqPtVPJqfLpkajWwKWL5xEpEQ5ypS3ffa0jJjH3/eIeuA3pw==",
      "requires": {
        "csstype": "^3.0.5",
        "htmlparser2": "^6.0.0",
        "style-vendorizer": "^2.0.0"
      }
    },
    "typescript": {
      "version": "4.7.4",
      "resolved": "https://registry.npmjs.org/typescript/-/typescript-4.7.4.tgz",
      "integrity": "sha512-C0WQT0gezHuw6AdY1M2jxUO83Rjf0HP7Sk1DtXj6j1EwkQNZrHAg2XPWlq62oqEhYvONq5pkC2Y9oPljWToLmQ==",
      "dev": true
    },
    "@next/swc-darwin-arm64": {
      "version": "13.3.2",
      "resolved": "https://registry.npmjs.org/@next/swc-darwin-arm64/-/swc-darwin-arm64-13.3.2.tgz",
      "integrity": "sha512-Wa5o2EbkBP0NcUM13sEjzGoB86YTZWUfoqbbVB7gs9RJAy8KkIoGNoLV7K55fru7GNgHsRMga3j1FadjJJWQYg==",
      "optional": true
    },
    "@next/swc-darwin-x64": {
      "version": "13.3.2",
      "resolved": "https://registry.npmjs.org/@next/swc-darwin-x64/-/swc-darwin-x64-13.3.2.tgz",
      "integrity": "sha512-mSk/rSKIo/VMTQa0t8DMELsNjjyYHMbX0q+MK7+SoWysiA5KrU0MQ2h8DUPf2T5tmQjyaUpX49l4j/dr2jovBA==",
      "optional": true
    },
    "@next/swc-linux-arm64-gnu": {
      "version": "13.3.2",
      "resolved": "https://registry.npmjs.org/@next/swc-linux-arm64-gnu/-/swc-linux-arm64-gnu-13.3.2.tgz",
      "integrity": "sha512-+5OC61uF33s0GdiGK2D5436Z2BqE8tJnlC6csTcBvCKQyvLsp6H5sPND5A1D2p/Gzh0mIGV/5vqfQ8yy+akOjw==",
      "optional": true
    },
    "@next/swc-linux-arm64-musl": {
      "version": "13.3.2",
      "resolved": "https://registry.npmjs.org/@next/swc-linux-arm64-musl/-/swc-linux-arm64-musl-13.3.2.tgz",
      "integrity": "sha512-TZ7c7iZ3MB8yRBukbNVNzKSX/k9DKtGaEuofIZBWp+o4e29e8iuJaej9UUCNUkN6L/117/AEnlpH1c7yfvSj8Q==",
      "optional": true
    },
    "@next/swc-linux-x64-gnu": {
      "version": "13.3.2",
      "resolved": "https://registry.npmjs.org/@next/swc-linux-x64-gnu/-/swc-linux-x64-gnu-13.3.2.tgz",
      "integrity": "sha512-aVoiakznPxGFIMcNlnY4HlZ4Be6oGhthaLSoXiVeplAgHLzHU2UqPMWqB/8/1TfMdWwISmwH4hb6DcdQ/PzTyA==",
      "optional": true
    },
    "@next/swc-linux-x64-musl": {
      "version": "13.3.2",
      "resolved": "https://registry.npmjs.org/@next/swc-linux-x64-musl/-/swc-linux-x64-musl-13.3.2.tgz",
      "integrity": "sha512-D2CsQZkBq/hcdcQkMXrG2huLJDPhyMuO5J8ZOc5fZtI8D/UxcRjWWK8yw+JgbOdZ3D9IMJSD3cd5QMx4VEI+Kg==",
      "optional": true
    },
    "@next/swc-win32-arm64-msvc": {
      "version": "13.3.2",
      "resolved": "https://registry.npmjs.org/@next/swc-win32-arm64-msvc/-/swc-win32-arm64-msvc-13.3.2.tgz",
      "integrity": "sha512-mjiWKEf9i1JAVePOa0Uw7c5c9Dp5D0LrevwIg31SNEpp8NwTr+ifHQzgf/ELNBWMxMLyiZiywWbYdcIjoa5y4A==",
      "optional": true
    },
    "@next/swc-win32-ia32-msvc": {
      "version": "13.3.2",
      "resolved": "https://registry.npmjs.org/@next/swc-win32-ia32-msvc/-/swc-win32-ia32-msvc-13.3.2.tgz",
      "integrity": "sha512-fee18wB9lfAnyAwJbyqN/PhcXWH1lGpBWJVF0gTB8G8/eUU0Vlq524Qt1RCt0K0pxLsSEhw1wEpGvqYYrAdQTA==",
      "optional": true
    },
    "@next/swc-win32-x64-msvc": {
      "version": "13.3.2",
      "resolved": "https://registry.npmjs.org/@next/swc-win32-x64-msvc/-/swc-win32-x64-msvc-13.3.2.tgz",
      "integrity": "sha512-eE6hPs0vtM08UB3B8YM1KIBOYZHJPF7NtWBdU0EIvRJ+R197+3W3VraaVBMMg0zy0e2e1jKgQPypakxN+vfZcw==",
      "optional": true
    }
  }
}
