lockfileVersion: 5.4

specifiers:
  '@cloudflare/workers-types': ^4.20221111.1
  hono: ^2.3.1
  twind: ^0.16.17
  typescript: ^4.7.4

dependencies:
  hono: 2.3.1
  twind: 0.16.17_typescript@4.8.4

devDependencies:
  '@cloudflare/workers-types': 4.20221111.1
  typescript: 4.8.4

packages:

  /@cloudflare/workers-types/4.20221111.1:
    resolution: {integrity: sha512-BNV2wN8V6Zduvo7UzxcdjBbLQ906D2KhS804PDufLgx/sanGJCHVJMOIaLvS/b61JKtot1U7P/l1fjrjZ7/E3A==}
    dev: true

  /csstype/3.1.1:
    resolution: {integrity: sha512-DJR/VvkAvSZW9bTouZue2sSxDwdTN92uHjqeKVm+0dAqdfNykRzQ95tay8aXMBAAPpUiq4Qcug2L7neoRh2Egw==}
    dev: false

  /dom-serializer/1.4.1:
    resolution: {integrity: sha512-VHwB3KfrcOOkelEG2ZOfxqLZdfkil8PtJi4P8N2MMXucZq2yLp75ClViUlOVwyoHEDjYU433Aq+5zWP61+RGag==}
    dependencies:
      domelementtype: 2.3.0
      domhandler: 4.3.1
      entities: 2.2.0
    dev: false

  /domelementtype/2.3.0:
    resolution: {integrity: sha512-OLETBj6w0OsagBwdXnPdN0cnMfF9opN69co+7ZrbfPGrdpPVNBUj02spi6B1N7wChLQiPn4CSH/zJvXw56gmHw==}
    dev: false

  /domhandler/4.3.1:
    resolution: {integrity: sha512-GrwoxYN+uWlzO8uhUXRl0P+kHE4GtVPfYzVLcUxPL7KNdHKj66vvlhiweIHqYYXWlw+T8iLMp42Lm67ghw4WMQ==}
    engines: {node: '>= 4'}
    dependencies:
      domelementtype: 2.3.0
    dev: false

  /domutils/2.8.0:
    resolution: {integrity: sha512-w96Cjofp72M5IIhpjgobBimYEfoPjx1Vx0BSX9P30WBdZW2WIKU0T1Bd0kz2eNZ9ikjKgHbEyKx8BB6H1L3h3A==}
    dependencies:
      dom-serializer: 1.4.1
      domelementtype: 2.3.0
      domhandler: 4.3.1
    dev: false

  /entities/2.2.0:
    resolution: {integrity: sha512-p92if5Nz619I0w+akJrLZH0MX0Pb5DX39XOwQTtXSdQQOaYH03S1uIQp4mhOZtAXrxq4ViO67YTiLBo2638o9A==}
    dev: false

  /hono/2.3.1:
    resolution: {integrity: sha512-BEzk6Lkb1cuEoEEo/V0j8jHBIJL+s6B2E5Y5v9WX8AXFaxeaRBdLK0U3isMclAUGs5mDpEK5cmXd23LAbwUZIQ==}
    engines: {node: '>=16.0.0'}
    dev: false

  /htmlparser2/6.1.0:
    resolution: {integrity: sha512-gyyPk6rgonLFEDGoeRgQNaEUvdJ4ktTmmUh/h2t7s+M8oPpIPxgNACWa+6ESR57kXstwqPiCut0V8NRpcwgU7A==}
    dependencies:
      domelementtype: 2.3.0
      domhandler: 4.3.1
      domutils: 2.8.0
      entities: 2.2.0
    dev: false

  /style-vendorizer/2.2.3:
    resolution: {integrity: sha512-/VDRsWvQAgspVy9eATN3z6itKTuyg+jW1q6UoTCQCFRqPDw8bi3E1hXIKnGw5LvXS2AQPuJ7Af4auTLYeBOLEg==}
    dev: false

  /twind/0.16.17_typescript@4.8.4:
    resolution: {integrity: sha512-dBKm8+ncJcIALiqBRLxA/krFEwUSjnzR+N73eKgqPtVPJqfLpkajWwKWL5xEpEQ5ypS3ffa0jJjH3/eIeuA3pw==}
    engines: {node: '>=10.13'}
    peerDependencies:
      typescript: ^4.1.0
    peerDependenciesMeta:
      typescript:
        optional: true
    dependencies:
      csstype: 3.1.1
      htmlparser2: 6.1.0
      style-vendorizer: 2.2.3
      typescript: 4.8.4
    dev: false

  /typescript/4.8.4:
    resolution: {integrity: sha512-QCh+85mCy+h0IGff8r5XWzOVSbBO+KfeYrMQh7NJ58QujwcE22u+NUSmUxqF+un70P9GXKxa2HCNiTTMJknyjQ==}
    engines: {node: '>=4.2.0'}
    hasBin: true
